
Microsoft Visual Studio Solution File, Format Version 12.00
Project("{FAE04EC0-301F-11D3-BF4B-00C04F79EFBC}") = "DrunkCallout", "DrunkCallout\DrunkCallout.csproj", "{8C9F10B9-462A-42A8-AD38-8E0523176E7B}"
EndProject
Global
	GlobalSection(SolutionConfigurationPlatforms) = preSolution
		Debug|Any CPU = Debug|Any CPU
		Release|Any CPU = Release|Any CPU
	EndGlobalSection
	GlobalSection(ProjectConfigurationPlatforms) = postSolution
		{8C9F10B9-462A-42A8-AD38-8E0523176E7B}.Debug|Any CPU.ActiveCfg = Debug|Any CPU
		{8C9F10B9-462A-42A8-AD38-8E0523176E7B}.Debug|Any CPU.Build.0 = Debug|Any CPU
		{8C9F10B9-462A-42A8-AD38-8E0523176E7B}.Release|Any CPU.ActiveCfg = Release|Any CPU
		{8C9F10B9-462A-42A8-AD38-8E0523176E7B}.Release|Any CPU.Build.0 = Release|Any CPU
	EndGlobalSection
EndGlobal
